
Microsoft Visual Studio Solution File, Format Version 12.00
# Visual Studio Version 16
VisualStudioVersion = 16.0.31729.503
MinimumVisualStudioVersion = 10.0.40219.1
Project("{FAE04EC0-301F-11D3-BF4B-00C04F79EFBC}") = "HearthstoneAccess", "HearthstoneAccess\HearthstoneAccess.csproj", "{231F693A-C0F5-457C-AA4C-2173ACB11ED2}"
EndProject
Global
	GlobalSection(SolutionConfigurationPlatforms) = preSolution
		Debug|Any CPU = Debug|Any CPU
		Release|Any CPU = Release|Any CPU
	EndGlobalSection
	GlobalSection(ProjectConfigurationPlatforms) = postSolution
		{231F693A-C0F5-457C-AA4C-2173ACB11ED2}.Debug|Any CPU.ActiveCfg = Debug|Any CPU
		{231F693A-C0F5-457C-AA4C-2173ACB11ED2}.Debug|Any CPU.Build.0 = Debug|Any CPU
		{231F693A-C0F5-457C-AA4C-2173ACB11ED2}.Release|Any CPU.ActiveCfg = Release|Any CPU
		{231F693A-C0F5-457C-AA4C-2173ACB11ED2}.Release|Any CPU.Build.0 = Release|Any CPU
	EndGlobalSection
	GlobalSection(SolutionProperties) = preSolution
		HideSolutionNode = FALSE
	EndGlobalSection
	GlobalSection(ExtensibilityGlobals) = postSolution
		SolutionGuid = {6B52A348-1AEA-43A1-995A-5176556259EC}
	EndGlobalSection
EndGlobal
